<?xml version="1.0" encoding="utf-8"?>
<Project ToolsVersion="4.0" xmlns="http://schemas.microsoft.com/developer/msbuild/2003">
  <ItemGroup>
    <Filter Include="Base">
      <UniqueIdentifier>{5d27b941-b566-4d37-9734-83a17713b4d6}</UniqueIdentifier>
    </Filter>
    <Filter Include="D3D9">
      <UniqueIdentifier>{058b65d5-8cda-4074-9839-f4d9420d25d0}</UniqueIdentifier>
    </Filter>
    <Filter Include="Base\Frame">
      <UniqueIdentifier>{cd1b37ac-258e-459f-8109-470e464fced6}</UniqueIdentifier>
    </Filter>
    <Filter Include="Base\Resource">
      <UniqueIdentifier>{544f27e6-81b7-44b5-8d60-6896ca2e4d62}</UniqueIdentifier>
    </Filter>
    <Filter Include="D3D9\Frame">
      <UniqueIdentifier>{f68872b1-ca69-4d75-80d5-8b2ffad9e89f}</UniqueIdentifier>
    </Filter>
    <Filter Include="D3D9\Resource">
      <UniqueIdentifier>{a94b9cd1-c8c0-4b7b-ac71-05bff024d967}</UniqueIdentifier>
    </Filter>
  </ItemGroup>
  <ItemGroup>
    <ClInclude Include="CCamera.h">
      <Filter>Base</Filter>
    </ClInclude>
    <ClInclude Include="CRenderer.h">
      <Filter>Base</Filter>
    </ClInclude>
    <ClInclude Include="CScene.h">
      <Filter>Base</Filter>
    </ClInclude>
    <ClInclude Include="Stdafx.h" />
    <ClInclude Include="CGraphicFactory.h">
      <Filter>Base\Frame</Filter>
    </ClInclude>
    <ClInclude Include="CRenderCommandMgr.h">
      <Filter>Base\Frame</Filter>
    </ClInclude>
    <ClInclude Include="CVertexFormat.h">
      <Filter>Base\Resource</Filter>
    </ClInclude>
    <ClInclude Include="CVertexFormatMgr.h">
      <Filter>Base\Frame</Filter>
    </ClInclude>
    <ClInclude Include="CGraphic.h">
      <Filter>Base\Frame</Filter>
    </ClInclude>
    <ClInclude Include="GraphicHelp.h" />
    <ClInclude Include="CTexture.h">
      <Filter>Base\Resource</Filter>
    </ClInclude>
    <ClInclude Include="SMaterial.h">
      <Filter>Base\Resource</Filter>
    </ClInclude>
    <ClInclude Include="CGraphicD3D9.h">
      <Filter>D3D9\Frame</Filter>
    </ClInclude>
    <ClInclude Include="CVertexFormatD3D9.h">
      <Filter>D3D9\Resource</Filter>
    </ClInclude>
    <ClInclude Include="CGraphicRes.h">
      <Filter>Base\Resource</Filter>
    </ClInclude>
    <ClInclude Include="CGraphicResMgr.h">
      <Filter>Base\Frame</Filter>
    </ClInclude>
    <ClInclude Include="CGeometryBuffer.h">
      <Filter>Base\Resource</Filter>
    </ClInclude>
    <ClInclude Include="CGeometryBufferD3D9.h">
      <Filter>D3D9\Resource</Filter>
    </ClInclude>
    <ClInclude Include="CTextureD3D9.h">
      <Filter>D3D9\Resource</Filter>
    </ClInclude>
    <ClInclude Include="CModel.h">
      <Filter>Base\Resource</Filter>
    </ClInclude>
    <ClInclude Include="CGraphicFactoryD3D9.h">
      <Filter>D3D9\Frame</Filter>
    </ClInclude>
    <ClInclude Include="CShader.h">
      <Filter>Base\Resource</Filter>
    </ClInclude>
    <ClInclude Include="CRenderStateMgr.h">
      <Filter>Base\Frame</Filter>
    </ClInclude>
    <ClInclude Include="CShaderD3D9.h">
      <Filter>D3D9\Resource</Filter>
    </ClInclude>
  </ItemGroup>
  <ItemGroup>
    <ClCompile Include="Stdafx.cpp" />
    <ClCompile Include="CScene.cpp">
      <Filter>Base</Filter>
    </ClCompile>
    <ClCompile Include="CRenderer.cpp">
      <Filter>Base</Filter>
    </ClCompile>
    <ClCompile Include="CCamera.cpp">
      <Filter>Base</Filter>
    </ClCompile>
    <ClCompile Include="CGraphicFactory.cpp">
      <Filter>Base\Frame</Filter>
    </ClCompile>
    <ClCompile Include="CRenderCommandMgr.cpp">
      <Filter>Base\Frame</Filter>
    </ClCompile>
    <ClCompile Include="CVertexFormat.cpp">
      <Filter>Base\Resource</Filter>
    </ClCompile>
    <ClCompile Include="CVertexFormatMgr.cpp">
      <Filter>Base\Frame</Filter>
    </ClCompile>
    <ClCompile Include="CGraphic.cpp">
      <Filter>Base\Frame</Filter>
    </ClCompile>
    <ClCompile Include="CTexture.cpp">
      <Filter>Base\Resource</Filter>
    </ClCompile>
    <ClCompile Include="CGraphicD3D9.cpp">
      <Filter>D3D9\Frame</Filter>
    </ClCompile>
    <ClCompile Include="CVertexFormatD3D9.cpp">
      <Filter>D3D9\Resource</Filter>
    </ClCompile>
    <ClCompile Include="CGraphicRes.cpp">
      <Filter>Base\Resource</Filter>
    </ClCompile>
    <ClCompile Include="CGraphicResMgr.cpp">
      <Filter>Base\Frame</Filter>
    </ClCompile>
    <ClCompile Include="CGeometryBuffer.cpp">
      <Filter>Base\Resource</Filter>
    </ClCompile>
    <ClCompile Include="CGeometryBufferD3D9.cpp">
      <Filter>D3D9\Resource</Filter>
    </ClCompile>
    <ClCompile Include="CTextureD3D9.cpp">
      <Filter>D3D9\Resource</Filter>
    </ClCompile>
    <ClCompile Include="CModel.cpp">
      <Filter>Base\Resource</Filter>
    </ClCompile>
    <ClCompile Include="CGraphicFactoryD3D9.cpp">
      <Filter>D3D9\Frame</Filter>
    </ClCompile>
    <ClCompile Include="CShader.cpp">
      <Filter>Base\Resource</Filter>
    </ClCompile>
    <ClCompile Include="CRenderStateMgr.cpp">
      <Filter>Base\Frame</Filter>
    </ClCompile>
    <ClCompile Include="CShaderD3D9.cpp">
      <Filter>D3D9\Resource</Filter>
    </ClCompile>
  </ItemGroup>
</Project>